
Microsoft Visual Studio Solution File, Format Version 12.00
# Visual Studio 14
VisualStudioVersion = 14.0.25420.1
MinimumVisualStudioVersion = 10.0.40219.1
Project("{FAE04EC0-301F-11D3-BF4B-00C04F79EFBC}") = "HostDetector", "HostDetector\HostDetector.csproj", "{EA66C2D4-6356-4562-B2E2-23284D4207BB}"
EndProject
Project("{54435603-DBB4-11D2-8724-00A0C9A8B90C}") = "HostDetectorSetup", "HostDetectorSetup\HostDetectorSetup.vdproj", "{D80AA20D-D661-4816-B9D8-CE2C4F2B1E07}"
EndProject
Global
	GlobalSection(SolutionConfigurationPlatforms) = preSolution
		Debug|Any CPU = Debug|Any CPU
		Release|Any CPU = Release|Any CPU
	EndGlobalSection
	GlobalSection(ProjectConfigurationPlatforms) = postSolution
		{EA66C2D4-6356-4562-B2E2-23284D4207BB}.Debug|Any CPU.ActiveCfg = Debug|Any CPU
		{EA66C2D4-6356-4562-B2E2-23284D4207BB}.Debug|Any CPU.Build.0 = Debug|Any CPU
		{EA66C2D4-6356-4562-B2E2-23284D4207BB}.Release|Any CPU.ActiveCfg = Release|Any CPU
		{EA66C2D4-6356-4562-B2E2-23284D4207BB}.Release|Any CPU.Build.0 = Release|Any CPU
		{D80AA20D-D661-4816-B9D8-CE2C4F2B1E07}.Debug|Any CPU.ActiveCfg = Debug
		{D80AA20D-D661-4816-B9D8-CE2C4F2B1E07}.Release|Any CPU.ActiveCfg = Release
	EndGlobalSection
	GlobalSection(SolutionProperties) = preSolution
		HideSolutionNode = FALSE
	EndGlobalSection
EndGlobal
